
Microsoft Visual Studio Solution File, Format Version 12.00
# Visual Studio Version 17
Project("{8BC9CEB8-8B4A-11D0-8D11-00A0C91BC942}") = "ALL_BUILD", "ALL_BUILD.vcxproj", "{090A53C6-0FF9-38CF-98A3-B70E2ED6AE50}"
	ProjectSection(ProjectDependencies) = postProject
		{E55EBAC1-6EBF-3374-AE00-B5EA41010541} = {E55EBAC1-6EBF-3374-AE00-B5EA41010541}
	EndProjectSection
EndProject
Project("{8BC9CEB8-8B4A-11D0-8D11-00A0C91BC942}") = "ZERO_CHECK", "ZERO_CHECK.vcxproj", "{E55EBAC1-6EBF-3374-AE00-B5EA41010541}"
	ProjectSection(ProjectDependencies) = postProject
	EndProjectSection
EndProject
Project("{8BC9CEB8-8B4A-11D0-8D11-00A0C91BC942}") = "docs", "docs.vcxproj", "{05B20208-760E-3923-99B9-0F39254468E4}"
	ProjectSection(ProjectDependencies) = postProject
		{E55EBAC1-6EBF-3374-AE00-B5EA41010541} = {E55EBAC1-6EBF-3374-AE00-B5EA41010541}
	EndProjectSection
EndProject
Project("{8BC9CEB8-8B4A-11D0-8D11-00A0C91BC942}") = "forcetest", "forcetest.vcxproj", "{C942DF6D-2737-3E77-B900-6A418D034103}"
	ProjectSection(ProjectDependencies) = postProject
		{E55EBAC1-6EBF-3374-AE00-B5EA41010541} = {E55EBAC1-6EBF-3374-AE00-B5EA41010541}
	EndProjectSection
EndProject
Project("{8BC9CEB8-8B4A-11D0-8D11-00A0C91BC942}") = "lint", "lint.vcxproj", "{C1B21FDD-C95F-3D3A-AAD0-97E6CC7CE3A8}"
	ProjectSection(ProjectDependencies) = postProject
		{E55EBAC1-6EBF-3374-AE00-B5EA41010541} = {E55EBAC1-6EBF-3374-AE00-B5EA41010541}
	EndProjectSection
EndProject
Project("{8BC9CEB8-8B4A-11D0-8D11-00A0C91BC942}") = "test", "test.vcxproj", "{0A96BE73-CFC7-3A2A-B3D7-88D94AFF3EA3}"
	ProjectSection(ProjectDependencies) = postProject
		{E55EBAC1-6EBF-3374-AE00-B5EA41010541} = {E55EBAC1-6EBF-3374-AE00-B5EA41010541}
	EndProjectSection
EndProject
Global
	GlobalSection(SolutionConfigurationPlatforms) = preSolution
		Debug|x64 = Debug|x64
		Release|x64 = Release|x64
		MinSizeRel|x64 = MinSizeRel|x64
		RelWithDebInfo|x64 = RelWithDebInfo|x64
	EndGlobalSection
	GlobalSection(ProjectConfigurationPlatforms) = postSolution
		{090A53C6-0FF9-38CF-98A3-B70E2ED6AE50}.Debug|x64.ActiveCfg = Debug|x64
		{090A53C6-0FF9-38CF-98A3-B70E2ED6AE50}.Release|x64.ActiveCfg = Release|x64
		{090A53C6-0FF9-38CF-98A3-B70E2ED6AE50}.MinSizeRel|x64.ActiveCfg = MinSizeRel|x64
		{090A53C6-0FF9-38CF-98A3-B70E2ED6AE50}.RelWithDebInfo|x64.ActiveCfg = RelWithDebInfo|x64
		{E55EBAC1-6EBF-3374-AE00-B5EA41010541}.Debug|x64.ActiveCfg = Debug|x64
		{E55EBAC1-6EBF-3374-AE00-B5EA41010541}.Debug|x64.Build.0 = Debug|x64
		{E55EBAC1-6EBF-3374-AE00-B5EA41010541}.Release|x64.ActiveCfg = Release|x64
		{E55EBAC1-6EBF-3374-AE00-B5EA41010541}.Release|x64.Build.0 = Release|x64
		{E55EBAC1-6EBF-3374-AE00-B5EA41010541}.MinSizeRel|x64.ActiveCfg = MinSizeRel|x64
		{E55EBAC1-6EBF-3374-AE00-B5EA41010541}.MinSizeRel|x64.Build.0 = MinSizeRel|x64
		{E55EBAC1-6EBF-3374-AE00-B5EA41010541}.RelWithDebInfo|x64.ActiveCfg = RelWithDebInfo|x64
		{E55EBAC1-6EBF-3374-AE00-B5EA41010541}.RelWithDebInfo|x64.Build.0 = RelWithDebInfo|x64
		{05B20208-760E-3923-99B9-0F39254468E4}.Debug|x64.ActiveCfg = Debug|x64
		{05B20208-760E-3923-99B9-0F39254468E4}.Release|x64.ActiveCfg = Release|x64
		{05B20208-760E-3923-99B9-0F39254468E4}.MinSizeRel|x64.ActiveCfg = MinSizeRel|x64
		{05B20208-760E-3923-99B9-0F39254468E4}.RelWithDebInfo|x64.ActiveCfg = RelWithDebInfo|x64
		{C942DF6D-2737-3E77-B900-6A418D034103}.Debug|x64.ActiveCfg = Debug|x64
		{C942DF6D-2737-3E77-B900-6A418D034103}.Release|x64.ActiveCfg = Release|x64
		{C942DF6D-2737-3E77-B900-6A418D034103}.MinSizeRel|x64.ActiveCfg = MinSizeRel|x64
		{C942DF6D-2737-3E77-B900-6A418D034103}.RelWithDebInfo|x64.ActiveCfg = RelWithDebInfo|x64
		{C1B21FDD-C95F-3D3A-AAD0-97E6CC7CE3A8}.Debug|x64.ActiveCfg = Debug|x64
		{C1B21FDD-C95F-3D3A-AAD0-97E6CC7CE3A8}.Release|x64.ActiveCfg = Release|x64
		{C1B21FDD-C95F-3D3A-AAD0-97E6CC7CE3A8}.MinSizeRel|x64.ActiveCfg = MinSizeRel|x64
		{C1B21FDD-C95F-3D3A-AAD0-97E6CC7CE3A8}.RelWithDebInfo|x64.ActiveCfg = RelWithDebInfo|x64
		{0A96BE73-CFC7-3A2A-B3D7-88D94AFF3EA3}.Debug|x64.ActiveCfg = Debug|x64
		{0A96BE73-CFC7-3A2A-B3D7-88D94AFF3EA3}.Release|x64.ActiveCfg = Release|x64
		{0A96BE73-CFC7-3A2A-B3D7-88D94AFF3EA3}.MinSizeRel|x64.ActiveCfg = MinSizeRel|x64
		{0A96BE73-CFC7-3A2A-B3D7-88D94AFF3EA3}.RelWithDebInfo|x64.ActiveCfg = RelWithDebInfo|x64
	EndGlobalSection
	GlobalSection(ExtensibilityGlobals) = postSolution
		SolutionGuid = {7330C72F-E135-3949-B8C5-C8A90F2E655B}
	EndGlobalSection
	GlobalSection(ExtensibilityAddIns) = postSolution
	EndGlobalSection
EndGlobal
