<?xml version="1.0" encoding="utf-8"?>
<Project ToolsVersion="17.0" xmlns="http://schemas.microsoft.com/developer/msbuild/2003">
  <ItemGroup>
    <CustomBuild Include="C:\Users\james\Videos\deeds-web-app\simd-bridge\cpp\build-x64-cuda\CMakeFiles\dd24ac9dc97389695d4047b75fe081ee\NightlyMemoryCheck.rule">
      <Filter>CMake Rules</Filter>
    </CustomBuild>
    <CustomBuild Include="C:\Users\james\Videos\deeds-web-app\native\atlas_core\CMakeLists.txt" />
  </ItemGroup>
  <ItemGroup>
    <None Include="C:\Users\james\Videos\deeds-web-app\simd-bridge\cpp\build-x64-cuda\atlas_core\CMakeFiles\NightlyMemoryCheck" />
  </ItemGroup>
  <ItemGroup>
    <Filter Include="CMake Rules">
      <UniqueIdentifier>{B69CBE70-DE08-346F-BA55-45E6AA536AC1}</UniqueIdentifier>
    </Filter>
  </ItemGroup>
</Project>
