
Microsoft Visual Studio Solution File, Format Version 12.00
# Visual Studio Version 17
Project("{8BC9CEB8-8B4A-11D0-8D11-00A0C91BC942}") = "ALL_BUILD", "ALL_BUILD.vcxproj", "{65C84265-C3E3-301D-9B17-D9C206EBD9D0}"
	ProjectSection(ProjectDependencies) = postProject
		{02C41ED5-E9C2-3129-9421-B1CF54DE406C} = {02C41ED5-E9C2-3129-9421-B1CF54DE406C}
		{D6E53FDF-D966-336A-AFE1-9C2A914229A8} = {D6E53FDF-D966-336A-AFE1-9C2A914229A8}
		{E82072C6-8B5D-3638-ADE2-8432F3702DA2} = {E82072C6-8B5D-3638-ADE2-8432F3702DA2}
		{497C90AF-1310-3656-A6D2-A9A72D94EC9F} = {497C90AF-1310-3656-A6D2-A9A72D94EC9F}
		{D70D1253-6E29-38C2-9607-9ED10FCC21FF} = {D70D1253-6E29-38C2-9607-9ED10FCC21FF}
		{E381156E-2FFF-34BA-B8D9-FD81F2030033} = {E381156E-2FFF-34BA-B8D9-FD81F2030033}
		{A26EB23F-4161-396B-9647-D5BED7977ED4} = {A26EB23F-4161-396B-9647-D5BED7977ED4}
		{5332F8D0-1EF5-315B-B55F-9B1F665A75F9} = {5332F8D0-1EF5-315B-B55F-9B1F665A75F9}
	EndProjectSection
EndProject
Project("{8BC9CEB8-8B4A-11D0-8D11-00A0C91BC942}") = "Continuous", "atlas_core\Continuous.vcxproj", "{0FAD7AA3-3E60-3229-B1AA-B2F70F387C25}"
	ProjectSection(ProjectDependencies) = postProject
		{02C41ED5-E9C2-3129-9421-B1CF54DE406C} = {02C41ED5-E9C2-3129-9421-B1CF54DE406C}
	EndProjectSection
EndProject
Project("{8BC9CEB8-8B4A-11D0-8D11-00A0C91BC942}") = "Experimental", "atlas_core\Experimental.vcxproj", "{CBBD0D53-BF8D-39B9-A245-3220EBF0DFFF}"
	ProjectSection(ProjectDependencies) = postProject
		{02C41ED5-E9C2-3129-9421-B1CF54DE406C} = {02C41ED5-E9C2-3129-9421-B1CF54DE406C}
	EndProjectSection
EndProject
Project("{8BC9CEB8-8B4A-11D0-8D11-00A0C91BC942}") = "INSTALL", "INSTALL.vcxproj", "{98C63CA2-DF62-3E02-8071-FC6ECC45C59F}"
	ProjectSection(ProjectDependencies) = postProject
		{65C84265-C3E3-301D-9B17-D9C206EBD9D0} = {65C84265-C3E3-301D-9B17-D9C206EBD9D0}
		{02C41ED5-E9C2-3129-9421-B1CF54DE406C} = {02C41ED5-E9C2-3129-9421-B1CF54DE406C}
	EndProjectSection
EndProject
Project("{8BC9CEB8-8B4A-11D0-8D11-00A0C91BC942}") = "Nightly", "atlas_core\Nightly.vcxproj", "{1891987A-2F01-38EB-A37C-E127FC0A61CA}"
	ProjectSection(ProjectDependencies) = postProject
		{02C41ED5-E9C2-3129-9421-B1CF54DE406C} = {02C41ED5-E9C2-3129-9421-B1CF54DE406C}
	EndProjectSection
EndProject
Project("{8BC9CEB8-8B4A-11D0-8D11-00A0C91BC942}") = "NightlyMemoryCheck", "atlas_core\NightlyMemoryCheck.vcxproj", "{AD18F3C7-101D-38DD-984F-DE7062B49180}"
	ProjectSection(ProjectDependencies) = postProject
		{02C41ED5-E9C2-3129-9421-B1CF54DE406C} = {02C41ED5-E9C2-3129-9421-B1CF54DE406C}
	EndProjectSection
EndProject
Project("{8BC9CEB8-8B4A-11D0-8D11-00A0C91BC942}") = "ZERO_CHECK", "ZERO_CHECK.vcxproj", "{02C41ED5-E9C2-3129-9421-B1CF54DE406C}"
	ProjectSection(ProjectDependencies) = postProject
	EndProjectSection
EndProject
Project("{8BC9CEB8-8B4A-11D0-8D11-00A0C91BC942}") = "atlas_core", "atlas_core\atlas_core.vcxproj", "{D6E53FDF-D966-336A-AFE1-9C2A914229A8}"
	ProjectSection(ProjectDependencies) = postProject
		{02C41ED5-E9C2-3129-9421-B1CF54DE406C} = {02C41ED5-E9C2-3129-9421-B1CF54DE406C}
	EndProjectSection
EndProject
Project("{8BC9CEB8-8B4A-11D0-8D11-00A0C91BC942}") = "atlas_core_c_abi_test", "atlas_core\atlas_core_c_abi_test.vcxproj", "{E82072C6-8B5D-3638-ADE2-8432F3702DA2}"
	ProjectSection(ProjectDependencies) = postProject
		{02C41ED5-E9C2-3129-9421-B1CF54DE406C} = {02C41ED5-E9C2-3129-9421-B1CF54DE406C}
		{D6E53FDF-D966-336A-AFE1-9C2A914229A8} = {D6E53FDF-D966-336A-AFE1-9C2A914229A8}
		{E381156E-2FFF-34BA-B8D9-FD81F2030033} = {E381156E-2FFF-34BA-B8D9-FD81F2030033}
	EndProjectSection
EndProject
Project("{8BC9CEB8-8B4A-11D0-8D11-00A0C91BC942}") = "atlas_knn_backend", "atlas_core\atlas_knn_backend.vcxproj", "{497C90AF-1310-3656-A6D2-A9A72D94EC9F}"
	ProjectSection(ProjectDependencies) = postProject
		{02C41ED5-E9C2-3129-9421-B1CF54DE406C} = {02C41ED5-E9C2-3129-9421-B1CF54DE406C}
		{D6E53FDF-D966-336A-AFE1-9C2A914229A8} = {D6E53FDF-D966-336A-AFE1-9C2A914229A8}
	EndProjectSection
EndProject
Project("{8BC9CEB8-8B4A-11D0-8D11-00A0C91BC942}") = "atlas_knn_c_abi_test", "atlas_core\atlas_knn_c_abi_test.vcxproj", "{D70D1253-6E29-38C2-9607-9ED10FCC21FF}"
	ProjectSection(ProjectDependencies) = postProject
		{02C41ED5-E9C2-3129-9421-B1CF54DE406C} = {02C41ED5-E9C2-3129-9421-B1CF54DE406C}
		{D6E53FDF-D966-336A-AFE1-9C2A914229A8} = {D6E53FDF-D966-336A-AFE1-9C2A914229A8}
		{497C90AF-1310-3656-A6D2-A9A72D94EC9F} = {497C90AF-1310-3656-A6D2-A9A72D94EC9F}
	EndProjectSection
EndProject
Project("{8BC9CEB8-8B4A-11D0-8D11-00A0C91BC942}") = "atlas_similarity_graph_backend", "atlas_core\atlas_similarity_graph_backend.vcxproj", "{E381156E-2FFF-34BA-B8D9-FD81F2030033}"
	ProjectSection(ProjectDependencies) = postProject
		{02C41ED5-E9C2-3129-9421-B1CF54DE406C} = {02C41ED5-E9C2-3129-9421-B1CF54DE406C}
		{D6E53FDF-D966-336A-AFE1-9C2A914229A8} = {D6E53FDF-D966-336A-AFE1-9C2A914229A8}
	EndProjectSection
EndProject
Project("{8BC9CEB8-8B4A-11D0-8D11-00A0C91BC942}") = "cuda_kernels", "cuda_kernels.vcxproj", "{A26EB23F-4161-396B-9647-D5BED7977ED4}"
	ProjectSection(ProjectDependencies) = postProject
		{02C41ED5-E9C2-3129-9421-B1CF54DE406C} = {02C41ED5-E9C2-3129-9421-B1CF54DE406C}
	EndProjectSection
EndProject
Project("{8BC9CEB8-8B4A-11D0-8D11-00A0C91BC942}") = "tensorrt_bridge", "tensorrt_bridge.vcxproj", "{5332F8D0-1EF5-315B-B55F-9B1F665A75F9}"
	ProjectSection(ProjectDependencies) = postProject
		{02C41ED5-E9C2-3129-9421-B1CF54DE406C} = {02C41ED5-E9C2-3129-9421-B1CF54DE406C}
		{D6E53FDF-D966-336A-AFE1-9C2A914229A8} = {D6E53FDF-D966-336A-AFE1-9C2A914229A8}
		{A26EB23F-4161-396B-9647-D5BED7977ED4} = {A26EB23F-4161-396B-9647-D5BED7977ED4}
	EndProjectSection
EndProject
Global
	GlobalSection(SolutionConfigurationPlatforms) = preSolution
		Debug|x64 = Debug|x64
		Release|x64 = Release|x64
		MinSizeRel|x64 = MinSizeRel|x64
		RelWithDebInfo|x64 = RelWithDebInfo|x64
	EndGlobalSection
	GlobalSection(ProjectConfigurationPlatforms) = postSolution
		{65C84265-C3E3-301D-9B17-D9C206EBD9D0}.Debug|x64.ActiveCfg = Debug|x64
		{65C84265-C3E3-301D-9B17-D9C206EBD9D0}.Debug|x64.Build.0 = Debug|x64
		{65C84265-C3E3-301D-9B17-D9C206EBD9D0}.Release|x64.ActiveCfg = Release|x64
		{65C84265-C3E3-301D-9B17-D9C206EBD9D0}.Release|x64.Build.0 = Release|x64
		{65C84265-C3E3-301D-9B17-D9C206EBD9D0}.MinSizeRel|x64.ActiveCfg = MinSizeRel|x64
		{65C84265-C3E3-301D-9B17-D9C206EBD9D0}.MinSizeRel|x64.Build.0 = MinSizeRel|x64
		{65C84265-C3E3-301D-9B17-D9C206EBD9D0}.RelWithDebInfo|x64.ActiveCfg = RelWithDebInfo|x64
		{65C84265-C3E3-301D-9B17-D9C206EBD9D0}.RelWithDebInfo|x64.Build.0 = RelWithDebInfo|x64
		{0FAD7AA3-3E60-3229-B1AA-B2F70F387C25}.Debug|x64.ActiveCfg = Debug|x64
		{0FAD7AA3-3E60-3229-B1AA-B2F70F387C25}.Release|x64.ActiveCfg = Release|x64
		{0FAD7AA3-3E60-3229-B1AA-B2F70F387C25}.MinSizeRel|x64.ActiveCfg = MinSizeRel|x64
		{0FAD7AA3-3E60-3229-B1AA-B2F70F387C25}.RelWithDebInfo|x64.ActiveCfg = RelWithDebInfo|x64
		{CBBD0D53-BF8D-39B9-A245-3220EBF0DFFF}.Debug|x64.ActiveCfg = Debug|x64
		{CBBD0D53-BF8D-39B9-A245-3220EBF0DFFF}.Release|x64.ActiveCfg = Release|x64
		{CBBD0D53-BF8D-39B9-A245-3220EBF0DFFF}.MinSizeRel|x64.ActiveCfg = MinSizeRel|x64
		{CBBD0D53-BF8D-39B9-A245-3220EBF0DFFF}.RelWithDebInfo|x64.ActiveCfg = RelWithDebInfo|x64
		{98C63CA2-DF62-3E02-8071-FC6ECC45C59F}.Debug|x64.ActiveCfg = Debug|x64
		{98C63CA2-DF62-3E02-8071-FC6ECC45C59F}.Release|x64.ActiveCfg = Release|x64
		{98C63CA2-DF62-3E02-8071-FC6ECC45C59F}.MinSizeRel|x64.ActiveCfg = MinSizeRel|x64
		{98C63CA2-DF62-3E02-8071-FC6ECC45C59F}.RelWithDebInfo|x64.ActiveCfg = RelWithDebInfo|x64
		{1891987A-2F01-38EB-A37C-E127FC0A61CA}.Debug|x64.ActiveCfg = Debug|x64
		{1891987A-2F01-38EB-A37C-E127FC0A61CA}.Release|x64.ActiveCfg = Release|x64
		{1891987A-2F01-38EB-A37C-E127FC0A61CA}.MinSizeRel|x64.ActiveCfg = MinSizeRel|x64
		{1891987A-2F01-38EB-A37C-E127FC0A61CA}.RelWithDebInfo|x64.ActiveCfg = RelWithDebInfo|x64
		{AD18F3C7-101D-38DD-984F-DE7062B49180}.Debug|x64.ActiveCfg = Debug|x64
		{AD18F3C7-101D-38DD-984F-DE7062B49180}.Release|x64.ActiveCfg = Release|x64
		{AD18F3C7-101D-38DD-984F-DE7062B49180}.MinSizeRel|x64.ActiveCfg = MinSizeRel|x64
		{AD18F3C7-101D-38DD-984F-DE7062B49180}.RelWithDebInfo|x64.ActiveCfg = RelWithDebInfo|x64
		{02C41ED5-E9C2-3129-9421-B1CF54DE406C}.Debug|x64.ActiveCfg = Debug|x64
		{02C41ED5-E9C2-3129-9421-B1CF54DE406C}.Debug|x64.Build.0 = Debug|x64
		{02C41ED5-E9C2-3129-9421-B1CF54DE406C}.Release|x64.ActiveCfg = Release|x64
		{02C41ED5-E9C2-3129-9421-B1CF54DE406C}.Release|x64.Build.0 = Release|x64
		{02C41ED5-E9C2-3129-9421-B1CF54DE406C}.MinSizeRel|x64.ActiveCfg = MinSizeRel|x64
		{02C41ED5-E9C2-3129-9421-B1CF54DE406C}.MinSizeRel|x64.Build.0 = MinSizeRel|x64
		{02C41ED5-E9C2-3129-9421-B1CF54DE406C}.RelWithDebInfo|x64.ActiveCfg = RelWithDebInfo|x64
		{02C41ED5-E9C2-3129-9421-B1CF54DE406C}.RelWithDebInfo|x64.Build.0 = RelWithDebInfo|x64
		{D6E53FDF-D966-336A-AFE1-9C2A914229A8}.Debug|x64.ActiveCfg = Debug|x64
		{D6E53FDF-D966-336A-AFE1-9C2A914229A8}.Debug|x64.Build.0 = Debug|x64
		{D6E53FDF-D966-336A-AFE1-9C2A914229A8}.Release|x64.ActiveCfg = Release|x64
		{D6E53FDF-D966-336A-AFE1-9C2A914229A8}.Release|x64.Build.0 = Release|x64
		{D6E53FDF-D966-336A-AFE1-9C2A914229A8}.MinSizeRel|x64.ActiveCfg = MinSizeRel|x64
		{D6E53FDF-D966-336A-AFE1-9C2A914229A8}.MinSizeRel|x64.Build.0 = MinSizeRel|x64
		{D6E53FDF-D966-336A-AFE1-9C2A914229A8}.RelWithDebInfo|x64.ActiveCfg = RelWithDebInfo|x64
		{D6E53FDF-D966-336A-AFE1-9C2A914229A8}.RelWithDebInfo|x64.Build.0 = RelWithDebInfo|x64
		{E82072C6-8B5D-3638-ADE2-8432F3702DA2}.Debug|x64.ActiveCfg = Debug|x64
		{E82072C6-8B5D-3638-ADE2-8432F3702DA2}.Debug|x64.Build.0 = Debug|x64
		{E82072C6-8B5D-3638-ADE2-8432F3702DA2}.Release|x64.ActiveCfg = Release|x64
		{E82072C6-8B5D-3638-ADE2-8432F3702DA2}.Release|x64.Build.0 = Release|x64
		{E82072C6-8B5D-3638-ADE2-8432F3702DA2}.MinSizeRel|x64.ActiveCfg = MinSizeRel|x64
		{E82072C6-8B5D-3638-ADE2-8432F3702DA2}.MinSizeRel|x64.Build.0 = MinSizeRel|x64
		{E82072C6-8B5D-3638-ADE2-8432F3702DA2}.RelWithDebInfo|x64.ActiveCfg = RelWithDebInfo|x64
		{E82072C6-8B5D-3638-ADE2-8432F3702DA2}.RelWithDebInfo|x64.Build.0 = RelWithDebInfo|x64
		{497C90AF-1310-3656-A6D2-A9A72D94EC9F}.Debug|x64.ActiveCfg = Debug|x64
		{497C90AF-1310-3656-A6D2-A9A72D94EC9F}.Debug|x64.Build.0 = Debug|x64
		{497C90AF-1310-3656-A6D2-A9A72D94EC9F}.Release|x64.ActiveCfg = Release|x64
		{497C90AF-1310-3656-A6D2-A9A72D94EC9F}.Release|x64.Build.0 = Release|x64
		{497C90AF-1310-3656-A6D2-A9A72D94EC9F}.MinSizeRel|x64.ActiveCfg = MinSizeRel|x64
		{497C90AF-1310-3656-A6D2-A9A72D94EC9F}.MinSizeRel|x64.Build.0 = MinSizeRel|x64
		{497C90AF-1310-3656-A6D2-A9A72D94EC9F}.RelWithDebInfo|x64.ActiveCfg = RelWithDebInfo|x64
		{497C90AF-1310-3656-A6D2-A9A72D94EC9F}.RelWithDebInfo|x64.Build.0 = RelWithDebInfo|x64
		{D70D1253-6E29-38C2-9607-9ED10FCC21FF}.Debug|x64.ActiveCfg = Debug|x64
		{D70D1253-6E29-38C2-9607-9ED10FCC21FF}.Debug|x64.Build.0 = Debug|x64
		{D70D1253-6E29-38C2-9607-9ED10FCC21FF}.Release|x64.ActiveCfg = Release|x64
		{D70D1253-6E29-38C2-9607-9ED10FCC21FF}.Release|x64.Build.0 = Release|x64
		{D70D1253-6E29-38C2-9607-9ED10FCC21FF}.MinSizeRel|x64.ActiveCfg = MinSizeRel|x64
		{D70D1253-6E29-38C2-9607-9ED10FCC21FF}.MinSizeRel|x64.Build.0 = MinSizeRel|x64
		{D70D1253-6E29-38C2-9607-9ED10FCC21FF}.RelWithDebInfo|x64.ActiveCfg = RelWithDebInfo|x64
		{D70D1253-6E29-38C2-9607-9ED10FCC21FF}.RelWithDebInfo|x64.Build.0 = RelWithDebInfo|x64
		{E381156E-2FFF-34BA-B8D9-FD81F2030033}.Debug|x64.ActiveCfg = Debug|x64
		{E381156E-2FFF-34BA-B8D9-FD81F2030033}.Debug|x64.Build.0 = Debug|x64
		{E381156E-2FFF-34BA-B8D9-FD81F2030033}.Release|x64.ActiveCfg = Release|x64
		{E381156E-2FFF-34BA-B8D9-FD81F2030033}.Release|x64.Build.0 = Release|x64
		{E381156E-2FFF-34BA-B8D9-FD81F2030033}.MinSizeRel|x64.ActiveCfg = MinSizeRel|x64
		{E381156E-2FFF-34BA-B8D9-FD81F2030033}.MinSizeRel|x64.Build.0 = MinSizeRel|x64
		{E381156E-2FFF-34BA-B8D9-FD81F2030033}.RelWithDebInfo|x64.ActiveCfg = RelWithDebInfo|x64
		{E381156E-2FFF-34BA-B8D9-FD81F2030033}.RelWithDebInfo|x64.Build.0 = RelWithDebInfo|x64
		{A26EB23F-4161-396B-9647-D5BED7977ED4}.Debug|x64.ActiveCfg = Debug|x64
		{A26EB23F-4161-396B-9647-D5BED7977ED4}.Debug|x64.Build.0 = Debug|x64
		{A26EB23F-4161-396B-9647-D5BED7977ED4}.Release|x64.ActiveCfg = Release|x64
		{A26EB23F-4161-396B-9647-D5BED7977ED4}.Release|x64.Build.0 = Release|x64
		{A26EB23F-4161-396B-9647-D5BED7977ED4}.MinSizeRel|x64.ActiveCfg = MinSizeRel|x64
		{A26EB23F-4161-396B-9647-D5BED7977ED4}.MinSizeRel|x64.Build.0 = MinSizeRel|x64
		{A26EB23F-4161-396B-9647-D5BED7977ED4}.RelWithDebInfo|x64.ActiveCfg = RelWithDebInfo|x64
		{A26EB23F-4161-396B-9647-D5BED7977ED4}.RelWithDebInfo|x64.Build.0 = RelWithDebInfo|x64
		{5332F8D0-1EF5-315B-B55F-9B1F665A75F9}.Debug|x64.ActiveCfg = Debug|x64
		{5332F8D0-1EF5-315B-B55F-9B1F665A75F9}.Debug|x64.Build.0 = Debug|x64
		{5332F8D0-1EF5-315B-B55F-9B1F665A75F9}.Release|x64.ActiveCfg = Release|x64
		{5332F8D0-1EF5-315B-B55F-9B1F665A75F9}.Release|x64.Build.0 = Release|x64
		{5332F8D0-1EF5-315B-B55F-9B1F665A75F9}.MinSizeRel|x64.ActiveCfg = MinSizeRel|x64
		{5332F8D0-1EF5-315B-B55F-9B1F665A75F9}.MinSizeRel|x64.Build.0 = MinSizeRel|x64
		{5332F8D0-1EF5-315B-B55F-9B1F665A75F9}.RelWithDebInfo|x64.ActiveCfg = RelWithDebInfo|x64
		{5332F8D0-1EF5-315B-B55F-9B1F665A75F9}.RelWithDebInfo|x64.Build.0 = RelWithDebInfo|x64
	EndGlobalSection
	GlobalSection(ExtensibilityGlobals) = postSolution
		SolutionGuid = {FFE0D879-C202-3B0A-9EA0-DC89E42E563C}
	EndGlobalSection
	GlobalSection(ExtensibilityAddIns) = postSolution
	EndGlobalSection
EndGlobal
