<?xml version="1.0" encoding="utf-8"?>
<Project ToolsVersion="17.0" xmlns="http://schemas.microsoft.com/developer/msbuild/2003">
  <ItemGroup>
    <CustomBuild Include="C:\Users\james\Videos\deeds-web-app\simd-bridge\build-x64-cuda\CMakeFiles\6aa993e0f6c025e4948ba35bd7728e64\INSTALL_force.rule">
      <Filter>CMake Rules</Filter>
    </CustomBuild>
  </ItemGroup>
  <ItemGroup>
    <Filter Include="CMake Rules">
      <UniqueIdentifier>{BA2FF602-BCD7-324A-B98B-51B6D21894D7}</UniqueIdentifier>
    </Filter>
  </ItemGroup>
</Project>
