<?xml version="1.0" encoding="utf-8"?>
<Project ToolsVersion="17.0" xmlns="http://schemas.microsoft.com/developer/msbuild/2003">
  <ItemGroup>
    <CustomBuild Include="C:\Users\james\Videos\deeds-web-app\simd-bridge\cpp\build-x64-fallback\CMakeFiles\640af73463f95bea0421198cf89e1d84\INSTALL_force.rule">
      <Filter>CMake Rules</Filter>
    </CustomBuild>
  </ItemGroup>
  <ItemGroup>
    <Filter Include="CMake Rules">
      <UniqueIdentifier>{86B04B3E-B9CC-32AB-8ACD-0CC7140E005C}</UniqueIdentifier>
    </Filter>
  </ItemGroup>
</Project>
