
Microsoft Visual Studio Solution File, Format Version 12.00
# Visual Studio Version 17
Project("{8BC9CEB8-8B4A-11D0-8D11-00A0C91BC942}") = "ALL_BUILD", "ALL_BUILD.vcxproj", "{D8DACE55-C97A-3448-B1E1-BF468BE3256E}"
	ProjectSection(ProjectDependencies) = postProject
		{5017EA78-00A7-3EBD-825E-A75730308DE1} = {5017EA78-00A7-3EBD-825E-A75730308DE1}
		{F8F32F88-5DA1-3A02-8030-EA2919BF36AE} = {F8F32F88-5DA1-3A02-8030-EA2919BF36AE}
		{97B348F1-95F9-3DF3-9D05-EDFCFE82EE23} = {97B348F1-95F9-3DF3-9D05-EDFCFE82EE23}
		{AF9DAACF-F89B-3516-8304-DECEC8B40CCC} = {AF9DAACF-F89B-3516-8304-DECEC8B40CCC}
		{B21F7913-74F0-3A05-8B29-8A16E51984B3} = {B21F7913-74F0-3A05-8B29-8A16E51984B3}
		{1B890A79-C41F-3057-9D0C-3CAC3D9110CA} = {1B890A79-C41F-3057-9D0C-3CAC3D9110CA}
	EndProjectSection
EndProject
Project("{8BC9CEB8-8B4A-11D0-8D11-00A0C91BC942}") = "Continuous", "Continuous.vcxproj", "{ACD4CA0E-4621-3D88-9C6B-FE25E1CBD28B}"
	ProjectSection(ProjectDependencies) = postProject
		{5017EA78-00A7-3EBD-825E-A75730308DE1} = {5017EA78-00A7-3EBD-825E-A75730308DE1}
	EndProjectSection
EndProject
Project("{8BC9CEB8-8B4A-11D0-8D11-00A0C91BC942}") = "Experimental", "Experimental.vcxproj", "{C74AFF3A-74E0-3E1B-A5F5-33CC4A8E29E7}"
	ProjectSection(ProjectDependencies) = postProject
		{5017EA78-00A7-3EBD-825E-A75730308DE1} = {5017EA78-00A7-3EBD-825E-A75730308DE1}
	EndProjectSection
EndProject
Project("{8BC9CEB8-8B4A-11D0-8D11-00A0C91BC942}") = "INSTALL", "INSTALL.vcxproj", "{17C0FD93-ED9C-3A6A-BF38-AF648553CEE2}"
	ProjectSection(ProjectDependencies) = postProject
		{D8DACE55-C97A-3448-B1E1-BF468BE3256E} = {D8DACE55-C97A-3448-B1E1-BF468BE3256E}
		{5017EA78-00A7-3EBD-825E-A75730308DE1} = {5017EA78-00A7-3EBD-825E-A75730308DE1}
	EndProjectSection
EndProject
Project("{8BC9CEB8-8B4A-11D0-8D11-00A0C91BC942}") = "Nightly", "Nightly.vcxproj", "{38C0E22F-A933-30F5-93B0-359DC1E94369}"
	ProjectSection(ProjectDependencies) = postProject
		{5017EA78-00A7-3EBD-825E-A75730308DE1} = {5017EA78-00A7-3EBD-825E-A75730308DE1}
	EndProjectSection
EndProject
Project("{8BC9CEB8-8B4A-11D0-8D11-00A0C91BC942}") = "NightlyMemoryCheck", "NightlyMemoryCheck.vcxproj", "{950D544D-6138-35B7-BFF5-BF3D70948872}"
	ProjectSection(ProjectDependencies) = postProject
		{5017EA78-00A7-3EBD-825E-A75730308DE1} = {5017EA78-00A7-3EBD-825E-A75730308DE1}
	EndProjectSection
EndProject
Project("{8BC9CEB8-8B4A-11D0-8D11-00A0C91BC942}") = "ZERO_CHECK", "..\\ZERO_CHECK.vcxproj", "{5017EA78-00A7-3EBD-825E-A75730308DE1}"
	ProjectSection(ProjectDependencies) = postProject
	EndProjectSection
EndProject
Project("{8BC9CEB8-8B4A-11D0-8D11-00A0C91BC942}") = "atlas_core", "atlas_core.vcxproj", "{F8F32F88-5DA1-3A02-8030-EA2919BF36AE}"
	ProjectSection(ProjectDependencies) = postProject
		{5017EA78-00A7-3EBD-825E-A75730308DE1} = {5017EA78-00A7-3EBD-825E-A75730308DE1}
	EndProjectSection
EndProject
Project("{8BC9CEB8-8B4A-11D0-8D11-00A0C91BC942}") = "atlas_core_c_abi_test", "atlas_core_c_abi_test.vcxproj", "{97B348F1-95F9-3DF3-9D05-EDFCFE82EE23}"
	ProjectSection(ProjectDependencies) = postProject
		{5017EA78-00A7-3EBD-825E-A75730308DE1} = {5017EA78-00A7-3EBD-825E-A75730308DE1}
		{F8F32F88-5DA1-3A02-8030-EA2919BF36AE} = {F8F32F88-5DA1-3A02-8030-EA2919BF36AE}
		{1B890A79-C41F-3057-9D0C-3CAC3D9110CA} = {1B890A79-C41F-3057-9D0C-3CAC3D9110CA}
	EndProjectSection
EndProject
Project("{8BC9CEB8-8B4A-11D0-8D11-00A0C91BC942}") = "atlas_knn_backend", "atlas_knn_backend.vcxproj", "{AF9DAACF-F89B-3516-8304-DECEC8B40CCC}"
	ProjectSection(ProjectDependencies) = postProject
		{5017EA78-00A7-3EBD-825E-A75730308DE1} = {5017EA78-00A7-3EBD-825E-A75730308DE1}
		{F8F32F88-5DA1-3A02-8030-EA2919BF36AE} = {F8F32F88-5DA1-3A02-8030-EA2919BF36AE}
	EndProjectSection
EndProject
Project("{8BC9CEB8-8B4A-11D0-8D11-00A0C91BC942}") = "atlas_knn_c_abi_test", "atlas_knn_c_abi_test.vcxproj", "{B21F7913-74F0-3A05-8B29-8A16E51984B3}"
	ProjectSection(ProjectDependencies) = postProject
		{5017EA78-00A7-3EBD-825E-A75730308DE1} = {5017EA78-00A7-3EBD-825E-A75730308DE1}
		{F8F32F88-5DA1-3A02-8030-EA2919BF36AE} = {F8F32F88-5DA1-3A02-8030-EA2919BF36AE}
		{AF9DAACF-F89B-3516-8304-DECEC8B40CCC} = {AF9DAACF-F89B-3516-8304-DECEC8B40CCC}
	EndProjectSection
EndProject
Project("{8BC9CEB8-8B4A-11D0-8D11-00A0C91BC942}") = "atlas_similarity_graph_backend", "atlas_similarity_graph_backend.vcxproj", "{1B890A79-C41F-3057-9D0C-3CAC3D9110CA}"
	ProjectSection(ProjectDependencies) = postProject
		{5017EA78-00A7-3EBD-825E-A75730308DE1} = {5017EA78-00A7-3EBD-825E-A75730308DE1}
		{F8F32F88-5DA1-3A02-8030-EA2919BF36AE} = {F8F32F88-5DA1-3A02-8030-EA2919BF36AE}
	EndProjectSection
EndProject
Global
	GlobalSection(SolutionConfigurationPlatforms) = preSolution
		Debug|x64 = Debug|x64
		Release|x64 = Release|x64
		MinSizeRel|x64 = MinSizeRel|x64
		RelWithDebInfo|x64 = RelWithDebInfo|x64
	EndGlobalSection
	GlobalSection(ProjectConfigurationPlatforms) = postSolution
		{D8DACE55-C97A-3448-B1E1-BF468BE3256E}.Debug|x64.ActiveCfg = Debug|x64
		{D8DACE55-C97A-3448-B1E1-BF468BE3256E}.Debug|x64.Build.0 = Debug|x64
		{D8DACE55-C97A-3448-B1E1-BF468BE3256E}.Release|x64.ActiveCfg = Release|x64
		{D8DACE55-C97A-3448-B1E1-BF468BE3256E}.Release|x64.Build.0 = Release|x64
		{D8DACE55-C97A-3448-B1E1-BF468BE3256E}.MinSizeRel|x64.ActiveCfg = MinSizeRel|x64
		{D8DACE55-C97A-3448-B1E1-BF468BE3256E}.MinSizeRel|x64.Build.0 = MinSizeRel|x64
		{D8DACE55-C97A-3448-B1E1-BF468BE3256E}.RelWithDebInfo|x64.ActiveCfg = RelWithDebInfo|x64
		{D8DACE55-C97A-3448-B1E1-BF468BE3256E}.RelWithDebInfo|x64.Build.0 = RelWithDebInfo|x64
		{ACD4CA0E-4621-3D88-9C6B-FE25E1CBD28B}.Debug|x64.ActiveCfg = Debug|x64
		{ACD4CA0E-4621-3D88-9C6B-FE25E1CBD28B}.Release|x64.ActiveCfg = Release|x64
		{ACD4CA0E-4621-3D88-9C6B-FE25E1CBD28B}.MinSizeRel|x64.ActiveCfg = MinSizeRel|x64
		{ACD4CA0E-4621-3D88-9C6B-FE25E1CBD28B}.RelWithDebInfo|x64.ActiveCfg = RelWithDebInfo|x64
		{C74AFF3A-74E0-3E1B-A5F5-33CC4A8E29E7}.Debug|x64.ActiveCfg = Debug|x64
		{C74AFF3A-74E0-3E1B-A5F5-33CC4A8E29E7}.Release|x64.ActiveCfg = Release|x64
		{C74AFF3A-74E0-3E1B-A5F5-33CC4A8E29E7}.MinSizeRel|x64.ActiveCfg = MinSizeRel|x64
		{C74AFF3A-74E0-3E1B-A5F5-33CC4A8E29E7}.RelWithDebInfo|x64.ActiveCfg = RelWithDebInfo|x64
		{17C0FD93-ED9C-3A6A-BF38-AF648553CEE2}.Debug|x64.ActiveCfg = Debug|x64
		{17C0FD93-ED9C-3A6A-BF38-AF648553CEE2}.Release|x64.ActiveCfg = Release|x64
		{17C0FD93-ED9C-3A6A-BF38-AF648553CEE2}.MinSizeRel|x64.ActiveCfg = MinSizeRel|x64
		{17C0FD93-ED9C-3A6A-BF38-AF648553CEE2}.RelWithDebInfo|x64.ActiveCfg = RelWithDebInfo|x64
		{38C0E22F-A933-30F5-93B0-359DC1E94369}.Debug|x64.ActiveCfg = Debug|x64
		{38C0E22F-A933-30F5-93B0-359DC1E94369}.Release|x64.ActiveCfg = Release|x64
		{38C0E22F-A933-30F5-93B0-359DC1E94369}.MinSizeRel|x64.ActiveCfg = MinSizeRel|x64
		{38C0E22F-A933-30F5-93B0-359DC1E94369}.RelWithDebInfo|x64.ActiveCfg = RelWithDebInfo|x64
		{950D544D-6138-35B7-BFF5-BF3D70948872}.Debug|x64.ActiveCfg = Debug|x64
		{950D544D-6138-35B7-BFF5-BF3D70948872}.Release|x64.ActiveCfg = Release|x64
		{950D544D-6138-35B7-BFF5-BF3D70948872}.MinSizeRel|x64.ActiveCfg = MinSizeRel|x64
		{950D544D-6138-35B7-BFF5-BF3D70948872}.RelWithDebInfo|x64.ActiveCfg = RelWithDebInfo|x64
		{5017EA78-00A7-3EBD-825E-A75730308DE1}.Debug|x64.ActiveCfg = Debug|x64
		{5017EA78-00A7-3EBD-825E-A75730308DE1}.Debug|x64.Build.0 = Debug|x64
		{5017EA78-00A7-3EBD-825E-A75730308DE1}.Release|x64.ActiveCfg = Release|x64
		{5017EA78-00A7-3EBD-825E-A75730308DE1}.Release|x64.Build.0 = Release|x64
		{5017EA78-00A7-3EBD-825E-A75730308DE1}.MinSizeRel|x64.ActiveCfg = MinSizeRel|x64
		{5017EA78-00A7-3EBD-825E-A75730308DE1}.MinSizeRel|x64.Build.0 = MinSizeRel|x64
		{5017EA78-00A7-3EBD-825E-A75730308DE1}.RelWithDebInfo|x64.ActiveCfg = RelWithDebInfo|x64
		{5017EA78-00A7-3EBD-825E-A75730308DE1}.RelWithDebInfo|x64.Build.0 = RelWithDebInfo|x64
		{F8F32F88-5DA1-3A02-8030-EA2919BF36AE}.Debug|x64.ActiveCfg = Debug|x64
		{F8F32F88-5DA1-3A02-8030-EA2919BF36AE}.Debug|x64.Build.0 = Debug|x64
		{F8F32F88-5DA1-3A02-8030-EA2919BF36AE}.Release|x64.ActiveCfg = Release|x64
		{F8F32F88-5DA1-3A02-8030-EA2919BF36AE}.Release|x64.Build.0 = Release|x64
		{F8F32F88-5DA1-3A02-8030-EA2919BF36AE}.MinSizeRel|x64.ActiveCfg = MinSizeRel|x64
		{F8F32F88-5DA1-3A02-8030-EA2919BF36AE}.MinSizeRel|x64.Build.0 = MinSizeRel|x64
		{F8F32F88-5DA1-3A02-8030-EA2919BF36AE}.RelWithDebInfo|x64.ActiveCfg = RelWithDebInfo|x64
		{F8F32F88-5DA1-3A02-8030-EA2919BF36AE}.RelWithDebInfo|x64.Build.0 = RelWithDebInfo|x64
		{97B348F1-95F9-3DF3-9D05-EDFCFE82EE23}.Debug|x64.ActiveCfg = Debug|x64
		{97B348F1-95F9-3DF3-9D05-EDFCFE82EE23}.Debug|x64.Build.0 = Debug|x64
		{97B348F1-95F9-3DF3-9D05-EDFCFE82EE23}.Release|x64.ActiveCfg = Release|x64
		{97B348F1-95F9-3DF3-9D05-EDFCFE82EE23}.Release|x64.Build.0 = Release|x64
		{97B348F1-95F9-3DF3-9D05-EDFCFE82EE23}.MinSizeRel|x64.ActiveCfg = MinSizeRel|x64
		{97B348F1-95F9-3DF3-9D05-EDFCFE82EE23}.MinSizeRel|x64.Build.0 = MinSizeRel|x64
		{97B348F1-95F9-3DF3-9D05-EDFCFE82EE23}.RelWithDebInfo|x64.ActiveCfg = RelWithDebInfo|x64
		{97B348F1-95F9-3DF3-9D05-EDFCFE82EE23}.RelWithDebInfo|x64.Build.0 = RelWithDebInfo|x64
		{AF9DAACF-F89B-3516-8304-DECEC8B40CCC}.Debug|x64.ActiveCfg = Debug|x64
		{AF9DAACF-F89B-3516-8304-DECEC8B40CCC}.Debug|x64.Build.0 = Debug|x64
		{AF9DAACF-F89B-3516-8304-DECEC8B40CCC}.Release|x64.ActiveCfg = Release|x64
		{AF9DAACF-F89B-3516-8304-DECEC8B40CCC}.Release|x64.Build.0 = Release|x64
		{AF9DAACF-F89B-3516-8304-DECEC8B40CCC}.MinSizeRel|x64.ActiveCfg = MinSizeRel|x64
		{AF9DAACF-F89B-3516-8304-DECEC8B40CCC}.MinSizeRel|x64.Build.0 = MinSizeRel|x64
		{AF9DAACF-F89B-3516-8304-DECEC8B40CCC}.RelWithDebInfo|x64.ActiveCfg = RelWithDebInfo|x64
		{AF9DAACF-F89B-3516-8304-DECEC8B40CCC}.RelWithDebInfo|x64.Build.0 = RelWithDebInfo|x64
		{B21F7913-74F0-3A05-8B29-8A16E51984B3}.Debug|x64.ActiveCfg = Debug|x64
		{B21F7913-74F0-3A05-8B29-8A16E51984B3}.Debug|x64.Build.0 = Debug|x64
		{B21F7913-74F0-3A05-8B29-8A16E51984B3}.Release|x64.ActiveCfg = Release|x64
		{B21F7913-74F0-3A05-8B29-8A16E51984B3}.Release|x64.Build.0 = Release|x64
		{B21F7913-74F0-3A05-8B29-8A16E51984B3}.MinSizeRel|x64.ActiveCfg = MinSizeRel|x64
		{B21F7913-74F0-3A05-8B29-8A16E51984B3}.MinSizeRel|x64.Build.0 = MinSizeRel|x64
		{B21F7913-74F0-3A05-8B29-8A16E51984B3}.RelWithDebInfo|x64.ActiveCfg = RelWithDebInfo|x64
		{B21F7913-74F0-3A05-8B29-8A16E51984B3}.RelWithDebInfo|x64.Build.0 = RelWithDebInfo|x64
		{1B890A79-C41F-3057-9D0C-3CAC3D9110CA}.Debug|x64.ActiveCfg = Debug|x64
		{1B890A79-C41F-3057-9D0C-3CAC3D9110CA}.Debug|x64.Build.0 = Debug|x64
		{1B890A79-C41F-3057-9D0C-3CAC3D9110CA}.Release|x64.ActiveCfg = Release|x64
		{1B890A79-C41F-3057-9D0C-3CAC3D9110CA}.Release|x64.Build.0 = Release|x64
		{1B890A79-C41F-3057-9D0C-3CAC3D9110CA}.MinSizeRel|x64.ActiveCfg = MinSizeRel|x64
		{1B890A79-C41F-3057-9D0C-3CAC3D9110CA}.MinSizeRel|x64.Build.0 = MinSizeRel|x64
		{1B890A79-C41F-3057-9D0C-3CAC3D9110CA}.RelWithDebInfo|x64.ActiveCfg = RelWithDebInfo|x64
		{1B890A79-C41F-3057-9D0C-3CAC3D9110CA}.RelWithDebInfo|x64.Build.0 = RelWithDebInfo|x64
	EndGlobalSection
	GlobalSection(ExtensibilityGlobals) = postSolution
		SolutionGuid = {61EF1949-1BA8-3E61-875B-911A889F55DF}
	EndGlobalSection
	GlobalSection(ExtensibilityAddIns) = postSolution
	EndGlobalSection
EndGlobal
